
Microsoft Visual Studio Solution File, Format Version 12.00
# Visual Studio Version 17
VisualStudioVersion = 17.0.31903.59
MinimumVisualStudioVersion = 10.0.40219.1
Project("{FAE04EC0-301F-11D3-BF4B-00C04F79EFBC}") = "Iam-api.API", "src\Iam-api.API\Iam-api.API.csproj", "{7052F235-D43C-DB81-46CD-18230B784711}"
EndProject
Project("{FAE04EC0-301F-11D3-BF4B-00C04F79EFBC}") = "Iam-api.Domain", "src\Iam-api.Domain\Iam-api.Domain.csproj", "{94F9E61B-69AB-4BA9-8D5E-843D1B1871E3}"
EndProject
Project("{FAE04EC0-301F-11D3-BF4B-00C04F79EFBC}") = "Iam-api.Application", "src\Iam-api.Application\Iam-api.Application.csproj", "{FEFA8938-0E32-FD22-93CF-04DD5DEB2296}"
EndProject
Project("{FAE04EC0-301F-11D3-BF4B-00C04F79EFBC}") = "Iam-api.Infrastructure", "src\Iam-api.Infrastructure\Iam-api.Infrastructure.csproj", "{780085BA-94A0-5BF1-A8AF-8B8F5EE8732A}"
EndProject
Project("{2150E333-8FDC-42A3-9474-1A3956D46DE8}") = "Solution Items", "Solution Items", "{8EC462FD-D22E-90A8-E5CE-7E832BA40C5D}"
	ProjectSection(SolutionItems) = preProject
		.editorconfig = .editorconfig
		.gitignore = .gitignore
		changelog.md = changelog.md
		docker-compose.yml = docker-compose.yml
		Dockerfile = Dockerfile
		nuget.config = nuget.config
		README.md = README.md
	EndProjectSection
EndProject
Global
	GlobalSection(SolutionConfigurationPlatforms) = preSolution
		Debug|Any CPU = Debug|Any CPU
		Release|Any CPU = Release|Any CPU
	EndGlobalSection
	GlobalSection(ProjectConfigurationPlatforms) = postSolution
		{7052F235-D43C-DB81-46CD-18230B784711}.Debug|Any CPU.ActiveCfg = Debug|Any CPU
		{7052F235-D43C-DB81-46CD-18230B784711}.Debug|Any CPU.Build.0 = Debug|Any CPU
		{7052F235-D43C-DB81-46CD-18230B784711}.Release|Any CPU.ActiveCfg = Release|Any CPU
		{7052F235-D43C-DB81-46CD-18230B784711}.Release|Any CPU.Build.0 = Release|Any CPU
		{94F9E61B-69AB-4BA9-8D5E-843D1B1871E3}.Debug|Any CPU.ActiveCfg = Debug|Any CPU
		{94F9E61B-69AB-4BA9-8D5E-843D1B1871E3}.Debug|Any CPU.Build.0 = Debug|Any CPU
		{94F9E61B-69AB-4BA9-8D5E-843D1B1871E3}.Release|Any CPU.ActiveCfg = Release|Any CPU
		{94F9E61B-69AB-4BA9-8D5E-843D1B1871E3}.Release|Any CPU.Build.0 = Release|Any CPU
		{FEFA8938-0E32-FD22-93CF-04DD5DEB2296}.Debug|Any CPU.ActiveCfg = Debug|Any CPU
		{FEFA8938-0E32-FD22-93CF-04DD5DEB2296}.Debug|Any CPU.Build.0 = Debug|Any CPU
		{FEFA8938-0E32-FD22-93CF-04DD5DEB2296}.Release|Any CPU.ActiveCfg = Release|Any CPU
		{FEFA8938-0E32-FD22-93CF-04DD5DEB2296}.Release|Any CPU.Build.0 = Release|Any CPU
		{780085BA-94A0-5BF1-A8AF-8B8F5EE8732A}.Debug|Any CPU.ActiveCfg = Debug|Any CPU
		{780085BA-94A0-5BF1-A8AF-8B8F5EE8732A}.Debug|Any CPU.Build.0 = Debug|Any CPU
		{780085BA-94A0-5BF1-A8AF-8B8F5EE8732A}.Release|Any CPU.ActiveCfg = Release|Any CPU
		{780085BA-94A0-5BF1-A8AF-8B8F5EE8732A}.Release|Any CPU.Build.0 = Release|Any CPU
	EndGlobalSection
	GlobalSection(SolutionProperties) = preSolution
		HideSolutionNode = FALSE
	EndGlobalSection
EndGlobal
